
Microsoft Visual Studio Solution File, Format Version 12.00
# Visual Studio Version 17
VisualStudioVersion = 17.13.35931.197 d17.13
MinimumVisualStudioVersion = 10.0.40219.1
Project("{FAE04EC0-301F-11D3-BF4B-00C04F79EFBC}") = "BookLib", "BookLib\BookLib.csproj", "{348392BA-3B83-412A-B648-937CAE819FDA}"
EndProject
Global
	GlobalSection(SolutionConfigurationPlatforms) = preSolution
		Debug|Any CPU = Debug|Any CPU
		Release|Any CPU = Release|Any CPU
	EndGlobalSection
	GlobalSection(ProjectConfigurationPlatforms) = postSolution
		{348392BA-3B83-412A-B648-937CAE819FDA}.Debug|Any CPU.ActiveCfg = Debug|Any CPU
		{348392BA-3B83-412A-B648-937CAE819FDA}.Debug|Any CPU.Build.0 = Debug|Any CPU
		{348392BA-3B83-412A-B648-937CAE819FDA}.Release|Any CPU.ActiveCfg = Release|Any CPU
		{348392BA-3B83-412A-B648-937CAE819FDA}.Release|Any CPU.Build.0 = Release|Any CPU
	EndGlobalSection
	GlobalSection(SolutionProperties) = preSolution
		HideSolutionNode = FALSE
	EndGlobalSection
	GlobalSection(ExtensibilityGlobals) = postSolution
		SolutionGuid = {7C70A9F3-D278-4627-87A8-4F0861F83B62}
	EndGlobalSection
EndGlobal
